
Microsoft Visual Studio Solution File, Format Version 12.00
# Visual Studio Version 17
VisualStudioVersion = 17.14.36429.23
MinimumVisualStudioVersion = 10.0.40219.1
Project("{2150E333-8FDC-42A3-9474-1A3956D46DE8}") = "Task0", "Task0", "{02EA681E-C7D8-13C7-8484-4AC65E1B71E8}"
EndProject
Project("{FAE04EC0-301F-11D3-BF4B-00C04F79EFBC}") = "Tyuiu.GoryaevTT.Sprint3.Task0.V29", "Tyuiu.GoryaevTT.Sprint3.Task0.V29\Tyuiu.GoryaevTT.Sprint3.Task0.V29.csproj", "{0C16B678-781C-4DEF-A4B3-B283EC43265F}"
EndProject
Project("{FAE04EC0-301F-11D3-BF4B-00C04F79EFBC}") = "Tyuiu.GoryaevTT.Sprint3.Task0.V29.Lib", "Tyuiu.GoryaevTT.Sprint3.Task0.V29.Lib\Tyuiu.GoryaevTT.Sprint3.Task0.V29.Lib.csproj", "{C21F7B28-745B-409C-A796-27A5C95A53E6}"
EndProject
Project("{FAE04EC0-301F-11D3-BF4B-00C04F79EFBC}") = "Tyuiu.GoryaevTT.Sprint3.Task0.V29.Test", "Tyuiu.GoryaevTT.Sprint3.Task0.V29.Test\Tyuiu.GoryaevTT.Sprint3.Task0.V29.Test.csproj", "{1C69CCE1-61F8-4FDA-B43C-A00FC0017D5C}"
EndProject
Project("{2150E333-8FDC-42A3-9474-1A3956D46DE8}") = "Task1", "Task1", "{D5449698-2C2A-4767-B0A2-D77B98B21279}"
EndProject
Project("{FAE04EC0-301F-11D3-BF4B-00C04F79EFBC}") = "Tyuiu.GoryaevTT.Sprint3.Task1.V25", "Tyuiu.GoryaevTT.Sprint3.Task1.V25\Tyuiu.GoryaevTT.Sprint3.Task1.V25.csproj", "{9221037E-6953-4067-9EFC-5C5447ECE1BE}"
EndProject
Project("{FAE04EC0-301F-11D3-BF4B-00C04F79EFBC}") = "Tyuiu.GoryaevTT.Sprint3.Task1.V25.Lib", "Tyuiu.GoryaevTT.Sprint3.Task1.V25.Lib\Tyuiu.GoryaevTT.Sprint3.Task1.V25.Lib.csproj", "{ACA90119-FE20-4ECA-B2F7-6EF481DC263C}"
EndProject
Project("{FAE04EC0-301F-11D3-BF4B-00C04F79EFBC}") = "Tyuiu.GoryaevTT.Sprint3.Task1.V25.Test", "Tyuiu.GoryaevTT.Sprint3.Task1.V25.Test\Tyuiu.GoryaevTT.Sprint3.Task1.V25.Test.csproj", "{DF2AC9F8-FA2D-4632-A780-FDC8196D51C2}"
EndProject
Project("{2150E333-8FDC-42A3-9474-1A3956D46DE8}") = "Task2", "Task2", "{099A7438-CD6F-4140-8606-4A565AA70961}"
EndProject
Project("{FAE04EC0-301F-11D3-BF4B-00C04F79EFBC}") = "Tyuiu.GoryaevTT.Sprint3.Task2.V5", "Tyuiu.GoryaevTT.Sprint3.Task2.V5\Tyuiu.GoryaevTT.Sprint3.Task2.V5.csproj", "{E617CAFE-893A-4DB4-8FC5-06072587237B}"
EndProject
Project("{FAE04EC0-301F-11D3-BF4B-00C04F79EFBC}") = "Tyuiu.GoryaevTT.Sprint3.Task2.V5.Lib", "Tyuiu.GoryaevTT.Sprint3.Task2.V5.Lib\Tyuiu.GoryaevTT.Sprint3.Task2.V5.Lib.csproj", "{EDDAB53E-54A3-4D5C-BFC9-5AB908D4CFDC}"
EndProject
Project("{FAE04EC0-301F-11D3-BF4B-00C04F79EFBC}") = "Tyuiu.GoryaevTT.Sprint3.Task2.V5.Test", "Tyuiu.GoryaevTT.Sprint3.Task2.V5.Test\Tyuiu.GoryaevTT.Sprint3.Task2.V5.Test.csproj", "{19697961-815C-4DB5-862A-569C3B80FC04}"
EndProject
Project("{2150E333-8FDC-42A3-9474-1A3956D46DE8}") = "Task3", "Task3", "{9F131A46-927C-4D59-A5DB-07FB970324E2}"
EndProject
Project("{FAE04EC0-301F-11D3-BF4B-00C04F79EFBC}") = "Tyuiu.GoryaevTT.Sprint3.Task3.V1", "Tyuiu.GoryaevTT.Sprint3.Task3.V1\Tyuiu.GoryaevTT.Sprint3.Task3.V1.csproj", "{21B28859-8A31-4A85-9B66-17309A3E028D}"
EndProject
Project("{FAE04EC0-301F-11D3-BF4B-00C04F79EFBC}") = "Tyuiu.GoryaevTT.Sprint3.Task3.V1.Lib", "Tyuiu.GoryaevTT.Sprint3.Task3.V1.Lib\Tyuiu.GoryaevTT.Sprint3.Task3.V1.Lib.csproj", "{573E6858-7B1D-42AF-8407-A9F6D825C689}"
EndProject
Project("{FAE04EC0-301F-11D3-BF4B-00C04F79EFBC}") = "Tyuiu.GoryaevTT.Sprint3.Task3.V1.Test", "Tyuiu.GoryaevTT.Sprint3.Task3.V1.Test\Tyuiu.GoryaevTT.Sprint3.Task3.V1.Test.csproj", "{8BFF418D-9366-4278-8339-481A271F5B1E}"
EndProject
Global
	GlobalSection(SolutionConfigurationPlatforms) = preSolution
		Debug|Any CPU = Debug|Any CPU
		Release|Any CPU = Release|Any CPU
	EndGlobalSection
	GlobalSection(ProjectConfigurationPlatforms) = postSolution
		{0C16B678-781C-4DEF-A4B3-B283EC43265F}.Debug|Any CPU.ActiveCfg = Debug|Any CPU
		{0C16B678-781C-4DEF-A4B3-B283EC43265F}.Debug|Any CPU.Build.0 = Debug|Any CPU
		{0C16B678-781C-4DEF-A4B3-B283EC43265F}.Release|Any CPU.ActiveCfg = Release|Any CPU
		{0C16B678-781C-4DEF-A4B3-B283EC43265F}.Release|Any CPU.Build.0 = Release|Any CPU
		{C21F7B28-745B-409C-A796-27A5C95A53E6}.Debug|Any CPU.ActiveCfg = Debug|Any CPU
		{C21F7B28-745B-409C-A796-27A5C95A53E6}.Debug|Any CPU.Build.0 = Debug|Any CPU
		{C21F7B28-745B-409C-A796-27A5C95A53E6}.Release|Any CPU.ActiveCfg = Release|Any CPU
		{C21F7B28-745B-409C-A796-27A5C95A53E6}.Release|Any CPU.Build.0 = Release|Any CPU
		{1C69CCE1-61F8-4FDA-B43C-A00FC0017D5C}.Debug|Any CPU.ActiveCfg = Debug|Any CPU
		{1C69CCE1-61F8-4FDA-B43C-A00FC0017D5C}.Debug|Any CPU.Build.0 = Debug|Any CPU
		{1C69CCE1-61F8-4FDA-B43C-A00FC0017D5C}.Release|Any CPU.ActiveCfg = Release|Any CPU
		{1C69CCE1-61F8-4FDA-B43C-A00FC0017D5C}.Release|Any CPU.Build.0 = Release|Any CPU
		{9221037E-6953-4067-9EFC-5C5447ECE1BE}.Debug|Any CPU.ActiveCfg = Debug|Any CPU
		{9221037E-6953-4067-9EFC-5C5447ECE1BE}.Debug|Any CPU.Build.0 = Debug|Any CPU
		{9221037E-6953-4067-9EFC-5C5447ECE1BE}.Release|Any CPU.ActiveCfg = Release|Any CPU
		{9221037E-6953-4067-9EFC-5C5447ECE1BE}.Release|Any CPU.Build.0 = Release|Any CPU
		{ACA90119-FE20-4ECA-B2F7-6EF481DC263C}.Debug|Any CPU.ActiveCfg = Debug|Any CPU
		{ACA90119-FE20-4ECA-B2F7-6EF481DC263C}.Debug|Any CPU.Build.0 = Debug|Any CPU
		{ACA90119-FE20-4ECA-B2F7-6EF481DC263C}.Release|Any CPU.ActiveCfg = Release|Any CPU
		{ACA90119-FE20-4ECA-B2F7-6EF481DC263C}.Release|Any CPU.Build.0 = Release|Any CPU
		{DF2AC9F8-FA2D-4632-A780-FDC8196D51C2}.Debug|Any CPU.ActiveCfg = Debug|Any CPU
		{DF2AC9F8-FA2D-4632-A780-FDC8196D51C2}.Debug|Any CPU.Build.0 = Debug|Any CPU
		{DF2AC9F8-FA2D-4632-A780-FDC8196D51C2}.Release|Any CPU.ActiveCfg = Release|Any CPU
		{DF2AC9F8-FA2D-4632-A780-FDC8196D51C2}.Release|Any CPU.Build.0 = Release|Any CPU
		{E617CAFE-893A-4DB4-8FC5-06072587237B}.Debug|Any CPU.ActiveCfg = Debug|Any CPU
		{E617CAFE-893A-4DB4-8FC5-06072587237B}.Debug|Any CPU.Build.0 = Debug|Any CPU
		{E617CAFE-893A-4DB4-8FC5-06072587237B}.Release|Any CPU.ActiveCfg = Release|Any CPU
		{E617CAFE-893A-4DB4-8FC5-06072587237B}.Release|Any CPU.Build.0 = Release|Any CPU
		{EDDAB53E-54A3-4D5C-BFC9-5AB908D4CFDC}.Debug|Any CPU.ActiveCfg = Debug|Any CPU
		{EDDAB53E-54A3-4D5C-BFC9-5AB908D4CFDC}.Debug|Any CPU.Build.0 = Debug|Any CPU
		{EDDAB53E-54A3-4D5C-BFC9-5AB908D4CFDC}.Release|Any CPU.ActiveCfg = Release|Any CPU
		{EDDAB53E-54A3-4D5C-BFC9-5AB908D4CFDC}.Release|Any CPU.Build.0 = Release|Any CPU
		{19697961-815C-4DB5-862A-569C3B80FC04}.Debug|Any CPU.ActiveCfg = Debug|Any CPU
		{19697961-815C-4DB5-862A-569C3B80FC04}.Debug|Any CPU.Build.0 = Debug|Any CPU
		{19697961-815C-4DB5-862A-569C3B80FC04}.Release|Any CPU.ActiveCfg = Release|Any CPU
		{19697961-815C-4DB5-862A-569C3B80FC04}.Release|Any CPU.Build.0 = Release|Any CPU
		{21B28859-8A31-4A85-9B66-17309A3E028D}.Debug|Any CPU.ActiveCfg = Debug|Any CPU
		{21B28859-8A31-4A85-9B66-17309A3E028D}.Debug|Any CPU.Build.0 = Debug|Any CPU
		{21B28859-8A31-4A85-9B66-17309A3E028D}.Release|Any CPU.ActiveCfg = Release|Any CPU
		{21B28859-8A31-4A85-9B66-17309A3E028D}.Release|Any CPU.Build.0 = Release|Any CPU
		{573E6858-7B1D-42AF-8407-A9F6D825C689}.Debug|Any CPU.ActiveCfg = Debug|Any CPU
		{573E6858-7B1D-42AF-8407-A9F6D825C689}.Debug|Any CPU.Build.0 = Debug|Any CPU
		{573E6858-7B1D-42AF-8407-A9F6D825C689}.Release|Any CPU.ActiveCfg = Release|Any CPU
		{573E6858-7B1D-42AF-8407-A9F6D825C689}.Release|Any CPU.Build.0 = Release|Any CPU
		{8BFF418D-9366-4278-8339-481A271F5B1E}.Debug|Any CPU.ActiveCfg = Debug|Any CPU
		{8BFF418D-9366-4278-8339-481A271F5B1E}.Debug|Any CPU.Build.0 = Debug|Any CPU
		{8BFF418D-9366-4278-8339-481A271F5B1E}.Release|Any CPU.ActiveCfg = Release|Any CPU
		{8BFF418D-9366-4278-8339-481A271F5B1E}.Release|Any CPU.Build.0 = Release|Any CPU
	EndGlobalSection
	GlobalSection(SolutionProperties) = preSolution
		HideSolutionNode = FALSE
	EndGlobalSection
	GlobalSection(NestedProjects) = preSolution
		{0C16B678-781C-4DEF-A4B3-B283EC43265F} = {02EA681E-C7D8-13C7-8484-4AC65E1B71E8}
		{C21F7B28-745B-409C-A796-27A5C95A53E6} = {02EA681E-C7D8-13C7-8484-4AC65E1B71E8}
		{1C69CCE1-61F8-4FDA-B43C-A00FC0017D5C} = {02EA681E-C7D8-13C7-8484-4AC65E1B71E8}
		{9221037E-6953-4067-9EFC-5C5447ECE1BE} = {D5449698-2C2A-4767-B0A2-D77B98B21279}
		{ACA90119-FE20-4ECA-B2F7-6EF481DC263C} = {D5449698-2C2A-4767-B0A2-D77B98B21279}
		{DF2AC9F8-FA2D-4632-A780-FDC8196D51C2} = {D5449698-2C2A-4767-B0A2-D77B98B21279}
		{E617CAFE-893A-4DB4-8FC5-06072587237B} = {099A7438-CD6F-4140-8606-4A565AA70961}
		{EDDAB53E-54A3-4D5C-BFC9-5AB908D4CFDC} = {099A7438-CD6F-4140-8606-4A565AA70961}
		{19697961-815C-4DB5-862A-569C3B80FC04} = {099A7438-CD6F-4140-8606-4A565AA70961}
		{21B28859-8A31-4A85-9B66-17309A3E028D} = {9F131A46-927C-4D59-A5DB-07FB970324E2}
		{573E6858-7B1D-42AF-8407-A9F6D825C689} = {9F131A46-927C-4D59-A5DB-07FB970324E2}
		{8BFF418D-9366-4278-8339-481A271F5B1E} = {9F131A46-927C-4D59-A5DB-07FB970324E2}
	EndGlobalSection
	GlobalSection(ExtensibilityGlobals) = postSolution
		SolutionGuid = {2B4CB2A4-2050-4F0C-84E8-A12A564F725E}
	EndGlobalSection
EndGlobal
