
Microsoft Visual Studio Solution File, Format Version 12.00
# Visual Studio Version 17
VisualStudioVersion = 17.14.36429.23
MinimumVisualStudioVersion = 10.0.40219.1
Project("{2150E333-8FDC-42A3-9474-1A3956D46DE8}") = "Task0", "Task0", "{02EA681E-C7D8-13C7-8484-4AC65E1B71E8}"
EndProject
Project("{FAE04EC0-301F-11D3-BF4B-00C04F79EFBC}") = "Tyuiu.GoryaevTT.Sprint3.Task0.V29", "Tyuiu.GoryaevTT.Sprint3.Task0.V29\Tyuiu.GoryaevTT.Sprint3.Task0.V29.csproj", "{0C16B678-781C-4DEF-A4B3-B283EC43265F}"
EndProject
Project("{FAE04EC0-301F-11D3-BF4B-00C04F79EFBC}") = "Tyuiu.GoryaevTT.Sprint3.Task0.V29.Lib", "Tyuiu.GoryaevTT.Sprint3.Task0.V29.Lib\Tyuiu.GoryaevTT.Sprint3.Task0.V29.Lib.csproj", "{C21F7B28-745B-409C-A796-27A5C95A53E6}"
EndProject
Project("{FAE04EC0-301F-11D3-BF4B-00C04F79EFBC}") = "Tyuiu.GoryaevTT.Sprint3.Task0.V29.Test", "Tyuiu.GoryaevTT.Sprint3.Task0.V29.Test\Tyuiu.GoryaevTT.Sprint3.Task0.V29.Test.csproj", "{1C69CCE1-61F8-4FDA-B43C-A00FC0017D5C}"
EndProject
Project("{2150E333-8FDC-42A3-9474-1A3956D46DE8}") = "Task1", "Task1", "{D5449698-2C2A-4767-B0A2-D77B98B21279}"
EndProject
Project("{FAE04EC0-301F-11D3-BF4B-00C04F79EFBC}") = "Tyuiu.GoryaevTT.Sprint3.Task1.V25", "Tyuiu.GoryaevTT.Sprint3.Task1.V25\Tyuiu.GoryaevTT.Sprint3.Task1.V25.csproj", "{9221037E-6953-4067-9EFC-5C5447ECE1BE}"
EndProject
Project("{FAE04EC0-301F-11D3-BF4B-00C04F79EFBC}") = "Tyuiu.GoryaevTT.Sprint3.Task1.V25.Lib", "Tyuiu.GoryaevTT.Sprint3.Task1.V25.Lib\Tyuiu.GoryaevTT.Sprint3.Task1.V25.Lib.csproj", "{ACA90119-FE20-4ECA-B2F7-6EF481DC263C}"
EndProject
Project("{FAE04EC0-301F-11D3-BF4B-00C04F79EFBC}") = "Tyuiu.GoryaevTT.Sprint3.Task1.V25.Test", "Tyuiu.GoryaevTT.Sprint3.Task1.V25.Test\Tyuiu.GoryaevTT.Sprint3.Task1.V25.Test.csproj", "{DF2AC9F8-FA2D-4632-A780-FDC8196D51C2}"
EndProject
Project("{2150E333-8FDC-42A3-9474-1A3956D46DE8}") = "Task2", "Task2", "{099A7438-CD6F-4140-8606-4A565AA70961}"
EndProject
Project("{FAE04EC0-301F-11D3-BF4B-00C04F79EFBC}") = "Tyuiu.GoryaevTT.Sprint3.Task2.V5", "Tyuiu.GoryaevTT.Sprint3.Task2.V5\Tyuiu.GoryaevTT.Sprint3.Task2.V5.csproj", "{E617CAFE-893A-4DB4-8FC5-06072587237B}"
EndProject
Project("{FAE04EC0-301F-11D3-BF4B-00C04F79EFBC}") = "Tyuiu.GoryaevTT.Sprint3.Task2.V5.Lib", "Tyuiu.GoryaevTT.Sprint3.Task2.V5.Lib\Tyuiu.GoryaevTT.Sprint3.Task2.V5.Lib.csproj", "{EDDAB53E-54A3-4D5C-BFC9-5AB908D4CFDC}"
EndProject
Project("{FAE04EC0-301F-11D3-BF4B-00C04F79EFBC}") = "Tyuiu.GoryaevTT.Sprint3.Task2.V5.Test", "Tyuiu.GoryaevTT.Sprint3.Task2.V5.Test\Tyuiu.GoryaevTT.Sprint3.Task2.V5.Test.csproj", "{19697961-815C-4DB5-862A-569C3B80FC04}"
EndProject
Project("{2150E333-8FDC-42A3-9474-1A3956D46DE8}") = "Task3", "Task3", "{9F131A46-927C-4D59-A5DB-07FB970324E2}"
EndProject
Project("{FAE04EC0-301F-11D3-BF4B-00C04F79EFBC}") = "Tyuiu.GoryaevTT.Sprint3.Task3.V1", "Tyuiu.GoryaevTT.Sprint3.Task3.V1\Tyuiu.GoryaevTT.Sprint3.Task3.V1.csproj", "{21B28859-8A31-4A85-9B66-17309A3E028D}"
EndProject
Project("{FAE04EC0-301F-11D3-BF4B-00C04F79EFBC}") = "Tyuiu.GoryaevTT.Sprint3.Task3.V1.Lib", "Tyuiu.GoryaevTT.Sprint3.Task3.V1.Lib\Tyuiu.GoryaevTT.Sprint3.Task3.V1.Lib.csproj", "{573E6858-7B1D-42AF-8407-A9F6D825C689}"
EndProject
Project("{FAE04EC0-301F-11D3-BF4B-00C04F79EFBC}") = "Tyuiu.GoryaevTT.Sprint3.Task3.V1.Test", "Tyuiu.GoryaevTT.Sprint3.Task3.V1.Test\Tyuiu.GoryaevTT.Sprint3.Task3.V1.Test.csproj", "{8BFF418D-9366-4278-8339-481A271F5B1E}"
EndProject
Project("{2150E333-8FDC-42A3-9474-1A3956D46DE8}") = "Task4", "Task4", "{FB1B0DEE-3048-45BE-BBC4-E4A305065F15}"
EndProject
Project("{FAE04EC0-301F-11D3-BF4B-00C04F79EFBC}") = "Tyuiu.GoryaevTT.Sprint3.Task4.V12", "Tyuiu.GoryaevTT.Sprint3.Task4.V12\Tyuiu.GoryaevTT.Sprint3.Task4.V12.csproj", "{BBDA8065-18F7-484E-B896-13FBFA333978}"
EndProject
Project("{FAE04EC0-301F-11D3-BF4B-00C04F79EFBC}") = "Tyuiu.GoryaevTT.Sprint3.Task4.V12.Lib", "Tyuiu.GoryaevTT.Sprint3.Task4.V12.Lib\Tyuiu.GoryaevTT.Sprint3.Task4.V12.Lib.csproj", "{CCCF219B-D22F-48D9-BBCE-6139AADBFF46}"
EndProject
Project("{FAE04EC0-301F-11D3-BF4B-00C04F79EFBC}") = "Tyuiu.GoryaevTT.Sprint3.Task4.V12.Test", "Tyuiu.GoryaevTT.Sprint3.Task4.V12.Test\Tyuiu.GoryaevTT.Sprint3.Task4.V12.Test.csproj", "{0FEB3133-8EBF-48F9-8AE5-059BE1D35B02}"
EndProject
Project("{2150E333-8FDC-42A3-9474-1A3956D46DE8}") = "Task5", "Task5", "{08CA4896-4363-4E27-8A5A-7850C6EA14C4}"
EndProject
Project("{FAE04EC0-301F-11D3-BF4B-00C04F79EFBC}") = "Tyuiu.GoryaevTT.Sprint3.Task5.V18", "Tyuiu.GoryaevTT.Sprint3.Task5.V18\Tyuiu.GoryaevTT.Sprint3.Task5.V18.csproj", "{92EA5DEA-81E4-4364-A47E-F360C28F73A6}"
EndProject
Project("{FAE04EC0-301F-11D3-BF4B-00C04F79EFBC}") = "Tyuiu.GoryaevTT.Sprint3.Task5.V18.Lib", "Tyuiu.GoryaevTT.Sprint3.Task5.V18.Lib\Tyuiu.GoryaevTT.Sprint3.Task5.V18.Lib.csproj", "{4D00EDA2-97B7-4DF7-9DFD-35DC58F4D33E}"
EndProject
Project("{FAE04EC0-301F-11D3-BF4B-00C04F79EFBC}") = "Tyuiu.GoryaevTT.Sprint3.Task5.V18.Test", "Tyuiu.GoryaevTT.Sprint3.Task5.V18.Test\Tyuiu.GoryaevTT.Sprint3.Task5.V18.Test.csproj", "{F23411DC-5751-47CC-B0D7-83188B7781BE}"
EndProject
Project("{2150E333-8FDC-42A3-9474-1A3956D46DE8}") = "Task6", "Task6", "{4E30394B-6CCA-4BA0-BFC0-6D9D720FEC67}"
EndProject
Project("{2150E333-8FDC-42A3-9474-1A3956D46DE8}") = "Task7", "Task7", "{CF3C87B0-C576-4D2D-B88E-B09BFC82C65A}"
EndProject
Project("{FAE04EC0-301F-11D3-BF4B-00C04F79EFBC}") = "Tyuiu.GoryaevTT.Sprint3.Task6.V28", "Tyuiu.GoryaevTT.Sprint3.Task6.V28\Tyuiu.GoryaevTT.Sprint3.Task6.V28.csproj", "{8AD4C5A8-6EE1-4550-8E5F-97D17AE633B1}"
EndProject
Project("{FAE04EC0-301F-11D3-BF4B-00C04F79EFBC}") = "Tyuiu.GoryaevTT.Sprint3.Task6.V28.Lib", "Tyuiu.GoryaevTT.Sprint3.Task6.V28.Lib\Tyuiu.GoryaevTT.Sprint3.Task6.V28.Lib.csproj", "{835D69D8-D809-4D0D-AE2D-4FD084525520}"
EndProject
Project("{FAE04EC0-301F-11D3-BF4B-00C04F79EFBC}") = "Tyuiu.GoryaevTT.Sprint3.Task6.V28.Test", "Tyuiu.GoryaevTT.Sprint3.Task6.V28.Test\Tyuiu.GoryaevTT.Sprint3.Task6.V28.Test.csproj", "{03C49C66-ED50-42E3-8729-102D3FF94BDE}"
EndProject
Project("{FAE04EC0-301F-11D3-BF4B-00C04F79EFBC}") = "Tyuiu.GoryaevTT.Sprint3.Task7.V11", "Tyuiu.GoryaevTT.Sprint3.Task7.V11\Tyuiu.GoryaevTT.Sprint3.Task7.V11.csproj", "{738D204A-609E-4421-87C8-9F6051E24DFA}"
EndProject
Project("{FAE04EC0-301F-11D3-BF4B-00C04F79EFBC}") = "Tyuiu.GoryaevTT.Sprint3.Task7.V11.Lib", "Tyuiu.GoryaevTT.Sprint3.Task7.V11.Lib\Tyuiu.GoryaevTT.Sprint3.Task7.V11.Lib.csproj", "{5C1BD1C0-5133-4F0E-A797-1C3A376E70DD}"
EndProject
Project("{FAE04EC0-301F-11D3-BF4B-00C04F79EFBC}") = "Tyuiu.GoryaevTT.Sprint3.Task7.V11.Test", "Tyuiu.GoryaevTT.Sprint3.Task7.V11.Test\Tyuiu.GoryaevTT.Sprint3.Task7.V11.Test.csproj", "{60D4E13B-6793-4B79-8D1E-AE3181A4E34F}"
EndProject
Global
	GlobalSection(SolutionConfigurationPlatforms) = preSolution
		Debug|Any CPU = Debug|Any CPU
		Release|Any CPU = Release|Any CPU
	EndGlobalSection
	GlobalSection(ProjectConfigurationPlatforms) = postSolution
		{0C16B678-781C-4DEF-A4B3-B283EC43265F}.Debug|Any CPU.ActiveCfg = Debug|Any CPU
		{0C16B678-781C-4DEF-A4B3-B283EC43265F}.Debug|Any CPU.Build.0 = Debug|Any CPU
		{0C16B678-781C-4DEF-A4B3-B283EC43265F}.Release|Any CPU.ActiveCfg = Release|Any CPU
		{0C16B678-781C-4DEF-A4B3-B283EC43265F}.Release|Any CPU.Build.0 = Release|Any CPU
		{C21F7B28-745B-409C-A796-27A5C95A53E6}.Debug|Any CPU.ActiveCfg = Debug|Any CPU
		{C21F7B28-745B-409C-A796-27A5C95A53E6}.Debug|Any CPU.Build.0 = Debug|Any CPU
		{C21F7B28-745B-409C-A796-27A5C95A53E6}.Release|Any CPU.ActiveCfg = Release|Any CPU
		{C21F7B28-745B-409C-A796-27A5C95A53E6}.Release|Any CPU.Build.0 = Release|Any CPU
		{1C69CCE1-61F8-4FDA-B43C-A00FC0017D5C}.Debug|Any CPU.ActiveCfg = Debug|Any CPU
		{1C69CCE1-61F8-4FDA-B43C-A00FC0017D5C}.Debug|Any CPU.Build.0 = Debug|Any CPU
		{1C69CCE1-61F8-4FDA-B43C-A00FC0017D5C}.Release|Any CPU.ActiveCfg = Release|Any CPU
		{1C69CCE1-61F8-4FDA-B43C-A00FC0017D5C}.Release|Any CPU.Build.0 = Release|Any CPU
		{9221037E-6953-4067-9EFC-5C5447ECE1BE}.Debug|Any CPU.ActiveCfg = Debug|Any CPU
		{9221037E-6953-4067-9EFC-5C5447ECE1BE}.Debug|Any CPU.Build.0 = Debug|Any CPU
		{9221037E-6953-4067-9EFC-5C5447ECE1BE}.Release|Any CPU.ActiveCfg = Release|Any CPU
		{9221037E-6953-4067-9EFC-5C5447ECE1BE}.Release|Any CPU.Build.0 = Release|Any CPU
		{ACA90119-FE20-4ECA-B2F7-6EF481DC263C}.Debug|Any CPU.ActiveCfg = Debug|Any CPU
		{ACA90119-FE20-4ECA-B2F7-6EF481DC263C}.Debug|Any CPU.Build.0 = Debug|Any CPU
		{ACA90119-FE20-4ECA-B2F7-6EF481DC263C}.Release|Any CPU.ActiveCfg = Release|Any CPU
		{ACA90119-FE20-4ECA-B2F7-6EF481DC263C}.Release|Any CPU.Build.0 = Release|Any CPU
		{DF2AC9F8-FA2D-4632-A780-FDC8196D51C2}.Debug|Any CPU.ActiveCfg = Debug|Any CPU
		{DF2AC9F8-FA2D-4632-A780-FDC8196D51C2}.Debug|Any CPU.Build.0 = Debug|Any CPU
		{DF2AC9F8-FA2D-4632-A780-FDC8196D51C2}.Release|Any CPU.ActiveCfg = Release|Any CPU
		{DF2AC9F8-FA2D-4632-A780-FDC8196D51C2}.Release|Any CPU.Build.0 = Release|Any CPU
		{E617CAFE-893A-4DB4-8FC5-06072587237B}.Debug|Any CPU.ActiveCfg = Debug|Any CPU
		{E617CAFE-893A-4DB4-8FC5-06072587237B}.Debug|Any CPU.Build.0 = Debug|Any CPU
		{E617CAFE-893A-4DB4-8FC5-06072587237B}.Release|Any CPU.ActiveCfg = Release|Any CPU
		{E617CAFE-893A-4DB4-8FC5-06072587237B}.Release|Any CPU.Build.0 = Release|Any CPU
		{EDDAB53E-54A3-4D5C-BFC9-5AB908D4CFDC}.Debug|Any CPU.ActiveCfg = Debug|Any CPU
		{EDDAB53E-54A3-4D5C-BFC9-5AB908D4CFDC}.Debug|Any CPU.Build.0 = Debug|Any CPU
		{EDDAB53E-54A3-4D5C-BFC9-5AB908D4CFDC}.Release|Any CPU.ActiveCfg = Release|Any CPU
		{EDDAB53E-54A3-4D5C-BFC9-5AB908D4CFDC}.Release|Any CPU.Build.0 = Release|Any CPU
		{19697961-815C-4DB5-862A-569C3B80FC04}.Debug|Any CPU.ActiveCfg = Debug|Any CPU
		{19697961-815C-4DB5-862A-569C3B80FC04}.Debug|Any CPU.Build.0 = Debug|Any CPU
		{19697961-815C-4DB5-862A-569C3B80FC04}.Release|Any CPU.ActiveCfg = Release|Any CPU
		{19697961-815C-4DB5-862A-569C3B80FC04}.Release|Any CPU.Build.0 = Release|Any CPU
		{21B28859-8A31-4A85-9B66-17309A3E028D}.Debug|Any CPU.ActiveCfg = Debug|Any CPU
		{21B28859-8A31-4A85-9B66-17309A3E028D}.Debug|Any CPU.Build.0 = Debug|Any CPU
		{21B28859-8A31-4A85-9B66-17309A3E028D}.Release|Any CPU.ActiveCfg = Release|Any CPU
		{21B28859-8A31-4A85-9B66-17309A3E028D}.Release|Any CPU.Build.0 = Release|Any CPU
		{573E6858-7B1D-42AF-8407-A9F6D825C689}.Debug|Any CPU.ActiveCfg = Debug|Any CPU
		{573E6858-7B1D-42AF-8407-A9F6D825C689}.Debug|Any CPU.Build.0 = Debug|Any CPU
		{573E6858-7B1D-42AF-8407-A9F6D825C689}.Release|Any CPU.ActiveCfg = Release|Any CPU
		{573E6858-7B1D-42AF-8407-A9F6D825C689}.Release|Any CPU.Build.0 = Release|Any CPU
		{8BFF418D-9366-4278-8339-481A271F5B1E}.Debug|Any CPU.ActiveCfg = Debug|Any CPU
		{8BFF418D-9366-4278-8339-481A271F5B1E}.Debug|Any CPU.Build.0 = Debug|Any CPU
		{8BFF418D-9366-4278-8339-481A271F5B1E}.Release|Any CPU.ActiveCfg = Release|Any CPU
		{8BFF418D-9366-4278-8339-481A271F5B1E}.Release|Any CPU.Build.0 = Release|Any CPU
		{BBDA8065-18F7-484E-B896-13FBFA333978}.Debug|Any CPU.ActiveCfg = Debug|Any CPU
		{BBDA8065-18F7-484E-B896-13FBFA333978}.Debug|Any CPU.Build.0 = Debug|Any CPU
		{BBDA8065-18F7-484E-B896-13FBFA333978}.Release|Any CPU.ActiveCfg = Release|Any CPU
		{BBDA8065-18F7-484E-B896-13FBFA333978}.Release|Any CPU.Build.0 = Release|Any CPU
		{CCCF219B-D22F-48D9-BBCE-6139AADBFF46}.Debug|Any CPU.ActiveCfg = Debug|Any CPU
		{CCCF219B-D22F-48D9-BBCE-6139AADBFF46}.Debug|Any CPU.Build.0 = Debug|Any CPU
		{CCCF219B-D22F-48D9-BBCE-6139AADBFF46}.Release|Any CPU.ActiveCfg = Release|Any CPU
		{CCCF219B-D22F-48D9-BBCE-6139AADBFF46}.Release|Any CPU.Build.0 = Release|Any CPU
		{0FEB3133-8EBF-48F9-8AE5-059BE1D35B02}.Debug|Any CPU.ActiveCfg = Debug|Any CPU
		{0FEB3133-8EBF-48F9-8AE5-059BE1D35B02}.Debug|Any CPU.Build.0 = Debug|Any CPU
		{0FEB3133-8EBF-48F9-8AE5-059BE1D35B02}.Release|Any CPU.ActiveCfg = Release|Any CPU
		{0FEB3133-8EBF-48F9-8AE5-059BE1D35B02}.Release|Any CPU.Build.0 = Release|Any CPU
		{92EA5DEA-81E4-4364-A47E-F360C28F73A6}.Debug|Any CPU.ActiveCfg = Debug|Any CPU
		{92EA5DEA-81E4-4364-A47E-F360C28F73A6}.Debug|Any CPU.Build.0 = Debug|Any CPU
		{92EA5DEA-81E4-4364-A47E-F360C28F73A6}.Release|Any CPU.ActiveCfg = Release|Any CPU
		{92EA5DEA-81E4-4364-A47E-F360C28F73A6}.Release|Any CPU.Build.0 = Release|Any CPU
		{4D00EDA2-97B7-4DF7-9DFD-35DC58F4D33E}.Debug|Any CPU.ActiveCfg = Debug|Any CPU
		{4D00EDA2-97B7-4DF7-9DFD-35DC58F4D33E}.Debug|Any CPU.Build.0 = Debug|Any CPU
		{4D00EDA2-97B7-4DF7-9DFD-35DC58F4D33E}.Release|Any CPU.ActiveCfg = Release|Any CPU
		{4D00EDA2-97B7-4DF7-9DFD-35DC58F4D33E}.Release|Any CPU.Build.0 = Release|Any CPU
		{F23411DC-5751-47CC-B0D7-83188B7781BE}.Debug|Any CPU.ActiveCfg = Debug|Any CPU
		{F23411DC-5751-47CC-B0D7-83188B7781BE}.Debug|Any CPU.Build.0 = Debug|Any CPU
		{F23411DC-5751-47CC-B0D7-83188B7781BE}.Release|Any CPU.ActiveCfg = Release|Any CPU
		{F23411DC-5751-47CC-B0D7-83188B7781BE}.Release|Any CPU.Build.0 = Release|Any CPU
		{8AD4C5A8-6EE1-4550-8E5F-97D17AE633B1}.Debug|Any CPU.ActiveCfg = Debug|Any CPU
		{8AD4C5A8-6EE1-4550-8E5F-97D17AE633B1}.Debug|Any CPU.Build.0 = Debug|Any CPU
		{8AD4C5A8-6EE1-4550-8E5F-97D17AE633B1}.Release|Any CPU.ActiveCfg = Release|Any CPU
		{8AD4C5A8-6EE1-4550-8E5F-97D17AE633B1}.Release|Any CPU.Build.0 = Release|Any CPU
		{835D69D8-D809-4D0D-AE2D-4FD084525520}.Debug|Any CPU.ActiveCfg = Debug|Any CPU
		{835D69D8-D809-4D0D-AE2D-4FD084525520}.Debug|Any CPU.Build.0 = Debug|Any CPU
		{835D69D8-D809-4D0D-AE2D-4FD084525520}.Release|Any CPU.ActiveCfg = Release|Any CPU
		{835D69D8-D809-4D0D-AE2D-4FD084525520}.Release|Any CPU.Build.0 = Release|Any CPU
		{03C49C66-ED50-42E3-8729-102D3FF94BDE}.Debug|Any CPU.ActiveCfg = Debug|Any CPU
		{03C49C66-ED50-42E3-8729-102D3FF94BDE}.Debug|Any CPU.Build.0 = Debug|Any CPU
		{03C49C66-ED50-42E3-8729-102D3FF94BDE}.Release|Any CPU.ActiveCfg = Release|Any CPU
		{03C49C66-ED50-42E3-8729-102D3FF94BDE}.Release|Any CPU.Build.0 = Release|Any CPU
		{738D204A-609E-4421-87C8-9F6051E24DFA}.Debug|Any CPU.ActiveCfg = Debug|Any CPU
		{738D204A-609E-4421-87C8-9F6051E24DFA}.Debug|Any CPU.Build.0 = Debug|Any CPU
		{738D204A-609E-4421-87C8-9F6051E24DFA}.Release|Any CPU.ActiveCfg = Release|Any CPU
		{738D204A-609E-4421-87C8-9F6051E24DFA}.Release|Any CPU.Build.0 = Release|Any CPU
		{5C1BD1C0-5133-4F0E-A797-1C3A376E70DD}.Debug|Any CPU.ActiveCfg = Debug|Any CPU
		{5C1BD1C0-5133-4F0E-A797-1C3A376E70DD}.Debug|Any CPU.Build.0 = Debug|Any CPU
		{5C1BD1C0-5133-4F0E-A797-1C3A376E70DD}.Release|Any CPU.ActiveCfg = Release|Any CPU
		{5C1BD1C0-5133-4F0E-A797-1C3A376E70DD}.Release|Any CPU.Build.0 = Release|Any CPU
		{60D4E13B-6793-4B79-8D1E-AE3181A4E34F}.Debug|Any CPU.ActiveCfg = Debug|Any CPU
		{60D4E13B-6793-4B79-8D1E-AE3181A4E34F}.Debug|Any CPU.Build.0 = Debug|Any CPU
		{60D4E13B-6793-4B79-8D1E-AE3181A4E34F}.Release|Any CPU.ActiveCfg = Release|Any CPU
		{60D4E13B-6793-4B79-8D1E-AE3181A4E34F}.Release|Any CPU.Build.0 = Release|Any CPU
	EndGlobalSection
	GlobalSection(SolutionProperties) = preSolution
		HideSolutionNode = FALSE
	EndGlobalSection
	GlobalSection(NestedProjects) = preSolution
		{0C16B678-781C-4DEF-A4B3-B283EC43265F} = {02EA681E-C7D8-13C7-8484-4AC65E1B71E8}
		{C21F7B28-745B-409C-A796-27A5C95A53E6} = {02EA681E-C7D8-13C7-8484-4AC65E1B71E8}
		{1C69CCE1-61F8-4FDA-B43C-A00FC0017D5C} = {02EA681E-C7D8-13C7-8484-4AC65E1B71E8}
		{9221037E-6953-4067-9EFC-5C5447ECE1BE} = {D5449698-2C2A-4767-B0A2-D77B98B21279}
		{ACA90119-FE20-4ECA-B2F7-6EF481DC263C} = {D5449698-2C2A-4767-B0A2-D77B98B21279}
		{DF2AC9F8-FA2D-4632-A780-FDC8196D51C2} = {D5449698-2C2A-4767-B0A2-D77B98B21279}
		{E617CAFE-893A-4DB4-8FC5-06072587237B} = {099A7438-CD6F-4140-8606-4A565AA70961}
		{EDDAB53E-54A3-4D5C-BFC9-5AB908D4CFDC} = {099A7438-CD6F-4140-8606-4A565AA70961}
		{19697961-815C-4DB5-862A-569C3B80FC04} = {099A7438-CD6F-4140-8606-4A565AA70961}
		{21B28859-8A31-4A85-9B66-17309A3E028D} = {9F131A46-927C-4D59-A5DB-07FB970324E2}
		{573E6858-7B1D-42AF-8407-A9F6D825C689} = {9F131A46-927C-4D59-A5DB-07FB970324E2}
		{8BFF418D-9366-4278-8339-481A271F5B1E} = {9F131A46-927C-4D59-A5DB-07FB970324E2}
		{BBDA8065-18F7-484E-B896-13FBFA333978} = {FB1B0DEE-3048-45BE-BBC4-E4A305065F15}
		{CCCF219B-D22F-48D9-BBCE-6139AADBFF46} = {FB1B0DEE-3048-45BE-BBC4-E4A305065F15}
		{0FEB3133-8EBF-48F9-8AE5-059BE1D35B02} = {FB1B0DEE-3048-45BE-BBC4-E4A305065F15}
		{92EA5DEA-81E4-4364-A47E-F360C28F73A6} = {08CA4896-4363-4E27-8A5A-7850C6EA14C4}
		{4D00EDA2-97B7-4DF7-9DFD-35DC58F4D33E} = {08CA4896-4363-4E27-8A5A-7850C6EA14C4}
		{F23411DC-5751-47CC-B0D7-83188B7781BE} = {08CA4896-4363-4E27-8A5A-7850C6EA14C4}
		{8AD4C5A8-6EE1-4550-8E5F-97D17AE633B1} = {4E30394B-6CCA-4BA0-BFC0-6D9D720FEC67}
		{835D69D8-D809-4D0D-AE2D-4FD084525520} = {4E30394B-6CCA-4BA0-BFC0-6D9D720FEC67}
		{03C49C66-ED50-42E3-8729-102D3FF94BDE} = {4E30394B-6CCA-4BA0-BFC0-6D9D720FEC67}
		{738D204A-609E-4421-87C8-9F6051E24DFA} = {CF3C87B0-C576-4D2D-B88E-B09BFC82C65A}
		{5C1BD1C0-5133-4F0E-A797-1C3A376E70DD} = {CF3C87B0-C576-4D2D-B88E-B09BFC82C65A}
		{60D4E13B-6793-4B79-8D1E-AE3181A4E34F} = {CF3C87B0-C576-4D2D-B88E-B09BFC82C65A}
	EndGlobalSection
	GlobalSection(ExtensibilityGlobals) = postSolution
		SolutionGuid = {2B4CB2A4-2050-4F0C-84E8-A12A564F725E}
	EndGlobalSection
EndGlobal
