
Microsoft Visual Studio Solution File, Format Version 12.00
# Visual Studio Version 17
VisualStudioVersion = 17.14.36429.23 d17.14
MinimumVisualStudioVersion = 10.0.40219.1
Project("{2150E333-8FDC-42A3-9474-1A3956D46DE8}") = "Task0", "Task0", "{02EA681E-C7D8-13C7-8484-4AC65E1B71E8}"
EndProject
Project("{FAE04EC0-301F-11D3-BF4B-00C04F79EFBC}") = "Tyuiu.GoryaevTT.Sprint3.Task0.V29", "Tyuiu.GoryaevTT.Sprint3.Task0.V29\Tyuiu.GoryaevTT.Sprint3.Task0.V29.csproj", "{0C16B678-781C-4DEF-A4B3-B283EC43265F}"
EndProject
Project("{FAE04EC0-301F-11D3-BF4B-00C04F79EFBC}") = "Tyuiu.GoryaevTT.Sprint3.Task0.V29.Lib", "Tyuiu.GoryaevTT.Sprint3.Task0.V29.Lib\Tyuiu.GoryaevTT.Sprint3.Task0.V29.Lib.csproj", "{C21F7B28-745B-409C-A796-27A5C95A53E6}"
EndProject
Project("{FAE04EC0-301F-11D3-BF4B-00C04F79EFBC}") = "Tyuiu.GoryaevTT.Sprint3.Task0.V29.Test", "Tyuiu.GoryaevTT.Sprint3.Task0.V29.Test\Tyuiu.GoryaevTT.Sprint3.Task0.V29.Test.csproj", "{1C69CCE1-61F8-4FDA-B43C-A00FC0017D5C}"
EndProject
Global
	GlobalSection(SolutionConfigurationPlatforms) = preSolution
		Debug|Any CPU = Debug|Any CPU
		Release|Any CPU = Release|Any CPU
	EndGlobalSection
	GlobalSection(ProjectConfigurationPlatforms) = postSolution
		{0C16B678-781C-4DEF-A4B3-B283EC43265F}.Debug|Any CPU.ActiveCfg = Debug|Any CPU
		{0C16B678-781C-4DEF-A4B3-B283EC43265F}.Debug|Any CPU.Build.0 = Debug|Any CPU
		{0C16B678-781C-4DEF-A4B3-B283EC43265F}.Release|Any CPU.ActiveCfg = Release|Any CPU
		{0C16B678-781C-4DEF-A4B3-B283EC43265F}.Release|Any CPU.Build.0 = Release|Any CPU
		{C21F7B28-745B-409C-A796-27A5C95A53E6}.Debug|Any CPU.ActiveCfg = Debug|Any CPU
		{C21F7B28-745B-409C-A796-27A5C95A53E6}.Debug|Any CPU.Build.0 = Debug|Any CPU
		{C21F7B28-745B-409C-A796-27A5C95A53E6}.Release|Any CPU.ActiveCfg = Release|Any CPU
		{C21F7B28-745B-409C-A796-27A5C95A53E6}.Release|Any CPU.Build.0 = Release|Any CPU
		{1C69CCE1-61F8-4FDA-B43C-A00FC0017D5C}.Debug|Any CPU.ActiveCfg = Debug|Any CPU
		{1C69CCE1-61F8-4FDA-B43C-A00FC0017D5C}.Debug|Any CPU.Build.0 = Debug|Any CPU
		{1C69CCE1-61F8-4FDA-B43C-A00FC0017D5C}.Release|Any CPU.ActiveCfg = Release|Any CPU
		{1C69CCE1-61F8-4FDA-B43C-A00FC0017D5C}.Release|Any CPU.Build.0 = Release|Any CPU
	EndGlobalSection
	GlobalSection(SolutionProperties) = preSolution
		HideSolutionNode = FALSE
	EndGlobalSection
	GlobalSection(NestedProjects) = preSolution
		{0C16B678-781C-4DEF-A4B3-B283EC43265F} = {02EA681E-C7D8-13C7-8484-4AC65E1B71E8}
		{C21F7B28-745B-409C-A796-27A5C95A53E6} = {02EA681E-C7D8-13C7-8484-4AC65E1B71E8}
		{1C69CCE1-61F8-4FDA-B43C-A00FC0017D5C} = {02EA681E-C7D8-13C7-8484-4AC65E1B71E8}
	EndGlobalSection
	GlobalSection(ExtensibilityGlobals) = postSolution
		SolutionGuid = {2B4CB2A4-2050-4F0C-84E8-A12A564F725E}
	EndGlobalSection
EndGlobal
